
Microsoft Visual Studio Solution File, Format Version 12.00
Project("{FAE04EC0-301F-11D3-BF4B-00C04F79EFBC}") = "ArenaAlloc", "ArenaAlloc\ArenaAlloc.csproj", "{D59BDC6C-0CA4-4516-A843-77D0933D8EB2}"
EndProject
Project("{FAE04EC0-301F-11D3-BF4B-00C04F79EFBC}") = "ArenaAlloc.Benchmarks", "..\ArenaAlloc.Benchmarks\ArenaAlloc.Benchmarks.csproj", "{2195E85A-E42D-4E56-AA61-FFBACC7E803E}"
EndProject
Project("{FAE04EC0-301F-11D3-BF4B-00C04F79EFBC}") = "ArenaAlloc.Tests", "..\ArenaAlloc.Tests\ArenaAlloc.Tests.csproj", "{1F67E7DD-AD66-44D4-BE36-CAFB6AB54BD8}"
EndProject
Global
	GlobalSection(SolutionConfigurationPlatforms) = preSolution
		Debug|Any CPU = Debug|Any CPU
		Release|Any CPU = Release|Any CPU
	EndGlobalSection
	GlobalSection(ProjectConfigurationPlatforms) = postSolution
		{D59BDC6C-0CA4-4516-A843-77D0933D8EB2}.Debug|Any CPU.ActiveCfg = Debug|Any CPU
		{D59BDC6C-0CA4-4516-A843-77D0933D8EB2}.Debug|Any CPU.Build.0 = Debug|Any CPU
		{D59BDC6C-0CA4-4516-A843-77D0933D8EB2}.Release|Any CPU.ActiveCfg = Release|Any CPU
		{D59BDC6C-0CA4-4516-A843-77D0933D8EB2}.Release|Any CPU.Build.0 = Release|Any CPU
		{2195E85A-E42D-4E56-AA61-FFBACC7E803E}.Debug|Any CPU.ActiveCfg = Debug|Any CPU
		{2195E85A-E42D-4E56-AA61-FFBACC7E803E}.Debug|Any CPU.Build.0 = Debug|Any CPU
		{2195E85A-E42D-4E56-AA61-FFBACC7E803E}.Release|Any CPU.ActiveCfg = Release|Any CPU
		{2195E85A-E42D-4E56-AA61-FFBACC7E803E}.Release|Any CPU.Build.0 = Release|Any CPU
		{1F67E7DD-AD66-44D4-BE36-CAFB6AB54BD8}.Debug|Any CPU.ActiveCfg = Debug|Any CPU
		{1F67E7DD-AD66-44D4-BE36-CAFB6AB54BD8}.Debug|Any CPU.Build.0 = Debug|Any CPU
		{1F67E7DD-AD66-44D4-BE36-CAFB6AB54BD8}.Release|Any CPU.ActiveCfg = Release|Any CPU
		{1F67E7DD-AD66-44D4-BE36-CAFB6AB54BD8}.Release|Any CPU.Build.0 = Release|Any CPU
	EndGlobalSection
EndGlobal
